{
  "name": "website-ulyssis",
  "version": "1.0.0",
  "lockfileVersion": 2,
  "requires": true,
  "packages": {
    "": {
      "name": "website-ulyssis",
      "version": "1.0.0",
      "license": "SEE LICENCE IN LICENSE",
      "devDependencies": {
        "es-module-shims": "^1.5.4",
        "three": "^0.139.2"
      }
    },
    "node_modules/es-module-shims": {
      "version": "1.5.4",
      "resolved": "https://registry.npmjs.org/es-module-shims/-/es-module-shims-1.5.4.tgz",
      "integrity": "sha512-OoVOu69uuLCnlMIcZJnYjZmp/0qhnisTUinU2WtIHztM65S1+SozyiDrmJgowScuMdYO41g8FmII+YXrkZwypA==",
      "dev": true
    },
    "node_modules/three": {
      "version": "0.139.2",
      "resolved": "https://registry.npmjs.org/three/-/three-0.139.2.tgz",
      "integrity": "sha512-gV7q7QY8rogu7HLFZR9cWnOQAUedUhu2WXAnpr2kdXZP9YDKsG/0ychwQvWkZN5PlNw9mv5MoCTin6zNTXoONg==",
      "dev": true
    }
  },
  "dependencies": {
    "es-module-shims": {
      "version": "1.5.4",
      "resolved": "https://registry.npmjs.org/es-module-shims/-/es-module-shims-1.5.4.tgz",
      "integrity": "sha512-OoVOu69uuLCnlMIcZJnYjZmp/0qhnisTUinU2WtIHztM65S1+SozyiDrmJgowScuMdYO41g8FmII+YXrkZwypA==",
      "dev": true
    },
    "three": {
      "version": "0.139.2",
      "resolved": "https://registry.npmjs.org/three/-/three-0.139.2.tgz",
      "integrity": "sha512-gV7q7QY8rogu7HLFZR9cWnOQAUedUhu2WXAnpr2kdXZP9YDKsG/0ychwQvWkZN5PlNw9mv5MoCTin6zNTXoONg==",
      "dev": true
    }
  }
}
